
Microsoft Visual Studio Solution File, Format Version 12.00
# Visual Studio Version 17
VisualStudioVersion = 17.5.33516.290
MinimumVisualStudioVersion = 10.0.40219.1
Project("{9A19103F-16F7-4668-BE54-9A1E7A4F7556}") = "E-CommerceWebApi", "E-CommerceWebApi\E-CommerceWebApi.csproj", "{B03EB94E-B23E-4A45-8FEF-DF87C2BD1129}"
EndProject
Project("{FAE04EC0-301F-11D3-BF4B-00C04F79EFBC}") = "E-CommerceWebApi.Tests", "E-CommerceWebApi.Tests\E-CommerceWebApi.Tests.csproj", "{344A779A-4DBD-4831-825C-70923131B13D}"
EndProject
Global
	GlobalSection(SolutionConfigurationPlatforms) = preSolution
		Debug|Any CPU = Debug|Any CPU
		Release|Any CPU = Release|Any CPU
	EndGlobalSection
	GlobalSection(ProjectConfigurationPlatforms) = postSolution
		{B03EB94E-B23E-4A45-8FEF-DF87C2BD1129}.Debug|Any CPU.ActiveCfg = Debug|Any CPU
		{B03EB94E-B23E-4A45-8FEF-DF87C2BD1129}.Debug|Any CPU.Build.0 = Debug|Any CPU
		{B03EB94E-B23E-4A45-8FEF-DF87C2BD1129}.Release|Any CPU.ActiveCfg = Release|Any CPU
		{B03EB94E-B23E-4A45-8FEF-DF87C2BD1129}.Release|Any CPU.Build.0 = Release|Any CPU
		{344A779A-4DBD-4831-825C-70923131B13D}.Debug|Any CPU.ActiveCfg = Debug|Any CPU
		{344A779A-4DBD-4831-825C-70923131B13D}.Debug|Any CPU.Build.0 = Debug|Any CPU
		{344A779A-4DBD-4831-825C-70923131B13D}.Release|Any CPU.ActiveCfg = Release|Any CPU
		{344A779A-4DBD-4831-825C-70923131B13D}.Release|Any CPU.Build.0 = Release|Any CPU
	EndGlobalSection
	GlobalSection(SolutionProperties) = preSolution
		HideSolutionNode = FALSE
	EndGlobalSection
	GlobalSection(ExtensibilityGlobals) = postSolution
		SolutionGuid = {FEBBEE0D-1419-44D9-A2E9-9B163D6664A2}
	EndGlobalSection
EndGlobal
